
Microsoft Visual Studio Solution File, Format Version 12.00
# Visual Studio 15
VisualStudioVersion = 15.0.28307.960
MinimumVisualStudioVersion = 10.0.40219.1
Project("{FAE04EC0-301F-11D3-BF4B-00C04F79EFBC}") = "BT.Manage.Core.SignatureVerify.Base", "BT.Manage.Core.SignatureVerify.Base\BT.Manage.Core.SignatureVerify.Base.csproj", "{F9E7FB0C-15E7-4D82-BEF9-91BDE62CE428}"
EndProject
Project("{FAE04EC0-301F-11D3-BF4B-00C04F79EFBC}") = "BT.Manage.Core.WebApi", "BT.Manage.Core.WebApi\BT.Manage.Core.WebApi.csproj", "{8F1CCF7D-3C66-4ECD-A579-6B802B78F327}"
EndProject
Global
	GlobalSection(SolutionConfigurationPlatforms) = preSolution
		Debug|Any CPU = Debug|Any CPU
		Release|Any CPU = Release|Any CPU
	EndGlobalSection
	GlobalSection(ProjectConfigurationPlatforms) = postSolution
		{F9E7FB0C-15E7-4D82-BEF9-91BDE62CE428}.Debug|Any CPU.ActiveCfg = Debug|Any CPU
		{F9E7FB0C-15E7-4D82-BEF9-91BDE62CE428}.Debug|Any CPU.Build.0 = Debug|Any CPU
		{F9E7FB0C-15E7-4D82-BEF9-91BDE62CE428}.Release|Any CPU.ActiveCfg = Release|Any CPU
		{F9E7FB0C-15E7-4D82-BEF9-91BDE62CE428}.Release|Any CPU.Build.0 = Release|Any CPU
		{8F1CCF7D-3C66-4ECD-A579-6B802B78F327}.Debug|Any CPU.ActiveCfg = Debug|Any CPU
		{8F1CCF7D-3C66-4ECD-A579-6B802B78F327}.Debug|Any CPU.Build.0 = Debug|Any CPU
		{8F1CCF7D-3C66-4ECD-A579-6B802B78F327}.Release|Any CPU.ActiveCfg = Release|Any CPU
		{8F1CCF7D-3C66-4ECD-A579-6B802B78F327}.Release|Any CPU.Build.0 = Release|Any CPU
	EndGlobalSection
	GlobalSection(SolutionProperties) = preSolution
		HideSolutionNode = FALSE
	EndGlobalSection
	GlobalSection(ExtensibilityGlobals) = postSolution
		SolutionGuid = {651F03B4-283A-422F-B41A-57F1331035FD}
	EndGlobalSection
EndGlobal
