
Microsoft Visual Studio Solution File, Format Version 12.00
# Visual Studio Version 16
VisualStudioVersion = 16.0.29613.14
MinimumVisualStudioVersion = 10.0.40219.1
Project("{9A19103F-16F7-4668-BE54-9A1E7A4F7556}") = "BT.Manage.Core.WebApi", "BT.Manage.Core.WebApi\BT.Manage.Core.WebApi.csproj", "{8F1CCF7D-3C66-4ECD-A579-6B802B78F327}"
EndProject
Project("{9A19103F-16F7-4668-BE54-9A1E7A4F7556}") = "BT.Manage.Core.SigRestRequest.Base", "BT.Manage.Core.SigRestRequest.Base\BT.Manage.Core.SigRestRequest.Base.csproj", "{B1AA9386-7623-418A-9F15-665F5952140E}"
EndProject
Project("{9A19103F-16F7-4668-BE54-9A1E7A4F7556}") = "BT.Manage.Core.SignatureVerify.Base", "BT.Manage.Core.SignatureVerify.Bases\BT.Manage.Core.SignatureVerify.Base.csproj", "{64E9184A-EBCC-40C2-A0AE-7209C7A4E4C6}"
EndProject
Project("{FAE04EC0-301F-11D3-BF4B-00C04F79EFBC}") = "BT.Manage.AspNet.Token.Base", "BT.Manage.Core.Token.Base\BT.Manage.AspNet.Token.Base.csproj", "{C3FA29FA-4D92-41CD-A656-15047E93F4AA}"
EndProject
Project("{FAE04EC0-301F-11D3-BF4B-00C04F79EFBC}") = "BT.Manage.AspNet.Cors.Base", "BT.Manage.AspNet.Cors.Base\BT.Manage.AspNet.Cors.Base.csproj", "{E725E8B5-16D4-4166-B107-0BED934EB876}"
EndProject
Project("{9A19103F-16F7-4668-BE54-9A1E7A4F7556}") = "BT.Manage.Core.ExceptionFilter.Base", "BT.Manage.Core.ExceptionFilter.Base\BT.Manage.Core.ExceptionFilter.Base.csproj", "{E13DFC5E-007F-414D-BDBE-F715D5BBCFCD}"
EndProject
Project("{9A19103F-16F7-4668-BE54-9A1E7A4F7556}") = "BT.Manage.NetCore.NLog.Base", "BT.Manage.NetCore.NLog.Base\BT.Manage.NetCore.NLog.Base.csproj", "{9ED42C85-6964-48C9-882B-47841B41A65B}"
EndProject
Project("{FAE04EC0-301F-11D3-BF4B-00C04F79EFBC}") = "TaskNetCore.WebApi", "TaskNetCore3.0.WebApi\TaskNetCore.WebApi.csproj", "{DFDC3861-6A81-4EE6-A8F3-CC1CFB208745}"
EndProject
Global
	GlobalSection(SolutionConfigurationPlatforms) = preSolution
		Debug|Any CPU = Debug|Any CPU
		Release|Any CPU = Release|Any CPU
	EndGlobalSection
	GlobalSection(ProjectConfigurationPlatforms) = postSolution
		{8F1CCF7D-3C66-4ECD-A579-6B802B78F327}.Debug|Any CPU.ActiveCfg = Debug|Any CPU
		{8F1CCF7D-3C66-4ECD-A579-6B802B78F327}.Debug|Any CPU.Build.0 = Debug|Any CPU
		{8F1CCF7D-3C66-4ECD-A579-6B802B78F327}.Release|Any CPU.ActiveCfg = Release|Any CPU
		{8F1CCF7D-3C66-4ECD-A579-6B802B78F327}.Release|Any CPU.Build.0 = Release|Any CPU
		{B1AA9386-7623-418A-9F15-665F5952140E}.Debug|Any CPU.ActiveCfg = Debug|Any CPU
		{B1AA9386-7623-418A-9F15-665F5952140E}.Debug|Any CPU.Build.0 = Debug|Any CPU
		{B1AA9386-7623-418A-9F15-665F5952140E}.Release|Any CPU.ActiveCfg = Release|Any CPU
		{B1AA9386-7623-418A-9F15-665F5952140E}.Release|Any CPU.Build.0 = Release|Any CPU
		{64E9184A-EBCC-40C2-A0AE-7209C7A4E4C6}.Debug|Any CPU.ActiveCfg = Debug|Any CPU
		{64E9184A-EBCC-40C2-A0AE-7209C7A4E4C6}.Debug|Any CPU.Build.0 = Debug|Any CPU
		{64E9184A-EBCC-40C2-A0AE-7209C7A4E4C6}.Release|Any CPU.ActiveCfg = Release|Any CPU
		{64E9184A-EBCC-40C2-A0AE-7209C7A4E4C6}.Release|Any CPU.Build.0 = Release|Any CPU
		{C3FA29FA-4D92-41CD-A656-15047E93F4AA}.Debug|Any CPU.ActiveCfg = Debug|Any CPU
		{C3FA29FA-4D92-41CD-A656-15047E93F4AA}.Debug|Any CPU.Build.0 = Debug|Any CPU
		{C3FA29FA-4D92-41CD-A656-15047E93F4AA}.Release|Any CPU.ActiveCfg = Release|Any CPU
		{C3FA29FA-4D92-41CD-A656-15047E93F4AA}.Release|Any CPU.Build.0 = Release|Any CPU
		{E725E8B5-16D4-4166-B107-0BED934EB876}.Debug|Any CPU.ActiveCfg = Debug|Any CPU
		{E725E8B5-16D4-4166-B107-0BED934EB876}.Debug|Any CPU.Build.0 = Debug|Any CPU
		{E725E8B5-16D4-4166-B107-0BED934EB876}.Release|Any CPU.ActiveCfg = Release|Any CPU
		{E725E8B5-16D4-4166-B107-0BED934EB876}.Release|Any CPU.Build.0 = Release|Any CPU
		{E13DFC5E-007F-414D-BDBE-F715D5BBCFCD}.Debug|Any CPU.ActiveCfg = Debug|Any CPU
		{E13DFC5E-007F-414D-BDBE-F715D5BBCFCD}.Debug|Any CPU.Build.0 = Debug|Any CPU
		{E13DFC5E-007F-414D-BDBE-F715D5BBCFCD}.Release|Any CPU.ActiveCfg = Release|Any CPU
		{E13DFC5E-007F-414D-BDBE-F715D5BBCFCD}.Release|Any CPU.Build.0 = Release|Any CPU
		{9ED42C85-6964-48C9-882B-47841B41A65B}.Debug|Any CPU.ActiveCfg = Debug|Any CPU
		{9ED42C85-6964-48C9-882B-47841B41A65B}.Debug|Any CPU.Build.0 = Debug|Any CPU
		{9ED42C85-6964-48C9-882B-47841B41A65B}.Release|Any CPU.ActiveCfg = Release|Any CPU
		{9ED42C85-6964-48C9-882B-47841B41A65B}.Release|Any CPU.Build.0 = Release|Any CPU
		{DFDC3861-6A81-4EE6-A8F3-CC1CFB208745}.Debug|Any CPU.ActiveCfg = Debug|Any CPU
		{DFDC3861-6A81-4EE6-A8F3-CC1CFB208745}.Debug|Any CPU.Build.0 = Debug|Any CPU
		{DFDC3861-6A81-4EE6-A8F3-CC1CFB208745}.Release|Any CPU.ActiveCfg = Release|Any CPU
		{DFDC3861-6A81-4EE6-A8F3-CC1CFB208745}.Release|Any CPU.Build.0 = Release|Any CPU
	EndGlobalSection
	GlobalSection(SolutionProperties) = preSolution
		HideSolutionNode = FALSE
	EndGlobalSection
	GlobalSection(ExtensibilityGlobals) = postSolution
		SolutionGuid = {651F03B4-283A-422F-B41A-57F1331035FD}
	EndGlobalSection
EndGlobal
